// !$*UTF8*$!
{
	archiveVersion = 1;
	classes = {
	};
	objectVersion = 46;
	objects = {

/* Begin PBXBuildFile section */
		A02A55F21D7E36E6006E26EF /* main.cpp in Sources */ = {isa = PBXBuildFile; fileRef = A02A55F11D7E36E6006E26EF /* main.cpp */; };
		A02A55FC1D7E5305006E26EF /* quicksort.cpp in Sources */ = {isa = PBXBuildFile; fileRef = A02A55FA1D7E5305006E26EF /* quicksort.cpp */; };
		A02A55FF1D7E53AF006E26EF /* insertionsort.cpp in Sources */ = {isa = PBXBuildFile; fileRef = A02A55FD1D7E53AF006E26EF /* insertionsort.cpp */; };
		A02A56021D7E5412006E26EF /* selection_sort.cpp in Sources */ = {isa = PBXBuildFile; fileRef = A02A56001D7E5412006E26EF /* selection_sort.cpp */; };
		A02A56051D7E546B006E26EF /* TopDownMergeSort.cpp in Sources */ = {isa = PBXBuildFile; fileRef = A02A56031D7E546B006E26EF /* TopDownMergeSort.cpp */; };
		A02A56081D7E57A6006E26EF /* BottomUpMergeSort.cpp in Sources */ = {isa = PBXBuildFile; fileRef = A02A56061D7E57A6006E26EF /* BottomUpMergeSort.cpp */; };
		A0BD48001D834BA200ACE8BF /* binary_tree.cpp in Sources */ = {isa = PBXBuildFile; fileRef = A0BD47FE1D834BA200ACE8BF /* binary_tree.cpp */; };
		A0BD48031D834BC800ACE8BF /* node.cpp in Sources */ = {isa = PBXBuildFile; fileRef = A0BD48011D834BC800ACE8BF /* node.cpp */; };
		A0BD48091D84C2EC00ACE8BF /* bNode.cpp in Sources */ = {isa = PBXBuildFile; fileRef = A0BD48071D84C2EC00ACE8BF /* bNode.cpp */; };
		A0BD480C1D84C3BE00ACE8BF /* AVLTree.cpp in Sources */ = {isa = PBXBuildFile; fileRef = A0BD480A1D84C3BE00ACE8BF /* AVLTree.cpp */; };
/* End PBXBuildFile section */

/* Begin PBXCopyFilesBuildPhase section */
		A02A55EC1D7E36E6006E26EF /* CopyFiles */ = {
			isa = PBXCopyFilesBuildPhase;
			buildActionMask = 2147483647;
			dstPath = /usr/share/man/man1/;
			dstSubfolderSpec = 0;
			files = (
			);
			runOnlyForDeploymentPostprocessing = 1;
		};
/* End PBXCopyFilesBuildPhase section */

/* Begin PBXFileReference section */
		A02A55EE1D7E36E6006E26EF /* CPP_Practice */ = {isa = PBXFileReference; explicitFileType = "compiled.mach-o.executable"; includeInIndex = 0; path = CPP_Practice; sourceTree = BUILT_PRODUCTS_DIR; };
		A02A55F11D7E36E6006E26EF /* main.cpp */ = {isa = PBXFileReference; lastKnownFileType = sourcecode.cpp.cpp; path = main.cpp; sourceTree = "<group>"; };
		A02A55FA1D7E5305006E26EF /* quicksort.cpp */ = {isa = PBXFileReference; fileEncoding = 4; lastKnownFileType = sourcecode.cpp.cpp; path = quicksort.cpp; sourceTree = "<group>"; };
		A02A55FB1D7E5305006E26EF /* quicksort.hpp */ = {isa = PBXFileReference; fileEncoding = 4; lastKnownFileType = sourcecode.cpp.h; path = quicksort.hpp; sourceTree = "<group>"; };
		A02A55FD1D7E53AF006E26EF /* insertionsort.cpp */ = {isa = PBXFileReference; fileEncoding = 4; lastKnownFileType = sourcecode.cpp.cpp; path = insertionsort.cpp; sourceTree = "<group>"; };
		A02A55FE1D7E53AF006E26EF /* insertionsort.hpp */ = {isa = PBXFileReference; fileEncoding = 4; lastKnownFileType = sourcecode.cpp.h; path = insertionsort.hpp; sourceTree = "<group>"; };
		A02A56001D7E5412006E26EF /* selection_sort.cpp */ = {isa = PBXFileReference; fileEncoding = 4; lastKnownFileType = sourcecode.cpp.cpp; path = selection_sort.cpp; sourceTree = "<group>"; };
		A02A56011D7E5412006E26EF /* selection_sort.hpp */ = {isa = PBXFileReference; fileEncoding = 4; lastKnownFileType = sourcecode.cpp.h; path = selection_sort.hpp; sourceTree = "<group>"; };
		A02A56031D7E546B006E26EF /* TopDownMergeSort.cpp */ = {isa = PBXFileReference; fileEncoding = 4; lastKnownFileType = sourcecode.cpp.cpp; path = TopDownMergeSort.cpp; sourceTree = "<group>"; };
		A02A56041D7E546B006E26EF /* TopDownMergeSort.hpp */ = {isa = PBXFileReference; fileEncoding = 4; lastKnownFileType = sourcecode.cpp.h; path = TopDownMergeSort.hpp; sourceTree = "<group>"; };
		A02A56061D7E57A6006E26EF /* BottomUpMergeSort.cpp */ = {isa = PBXFileReference; fileEncoding = 4; lastKnownFileType = sourcecode.cpp.cpp; path = BottomUpMergeSort.cpp; sourceTree = "<group>"; };
		A02A56071D7E57A6006E26EF /* BottomUpMergeSort.hpp */ = {isa = PBXFileReference; fileEncoding = 4; lastKnownFileType = sourcecode.cpp.h; path = BottomUpMergeSort.hpp; sourceTree = "<group>"; };
		A0BD47FE1D834BA200ACE8BF /* binary_tree.cpp */ = {isa = PBXFileReference; fileEncoding = 4; lastKnownFileType = sourcecode.cpp.cpp; path = binary_tree.cpp; sourceTree = "<group>"; };
		A0BD47FF1D834BA200ACE8BF /* binary_tree.hpp */ = {isa = PBXFileReference; fileEncoding = 4; lastKnownFileType = sourcecode.cpp.h; path = binary_tree.hpp; sourceTree = "<group>"; };
		A0BD48011D834BC800ACE8BF /* node.cpp */ = {isa = PBXFileReference; fileEncoding = 4; lastKnownFileType = sourcecode.cpp.cpp; path = node.cpp; sourceTree = "<group>"; };
		A0BD48021D834BC800ACE8BF /* node.hpp */ = {isa = PBXFileReference; fileEncoding = 4; lastKnownFileType = sourcecode.cpp.h; path = node.hpp; sourceTree = "<group>"; };
		A0BD48071D84C2EC00ACE8BF /* bNode.cpp */ = {isa = PBXFileReference; fileEncoding = 4; lastKnownFileType = sourcecode.cpp.cpp; path = bNode.cpp; sourceTree = "<group>"; };
		A0BD48081D84C2EC00ACE8BF /* bNode.hpp */ = {isa = PBXFileReference; fileEncoding = 4; lastKnownFileType = sourcecode.cpp.h; path = bNode.hpp; sourceTree = "<group>"; };
		A0BD480A1D84C3BE00ACE8BF /* AVLTree.cpp */ = {isa = PBXFileReference; fileEncoding = 4; lastKnownFileType = sourcecode.cpp.cpp; path = AVLTree.cpp; sourceTree = "<group>"; };
		A0BD480B1D84C3BE00ACE8BF /* AVLTree.hpp */ = {isa = PBXFileReference; fileEncoding = 4; lastKnownFileType = sourcecode.cpp.h; path = AVLTree.hpp; sourceTree = "<group>"; };
/* End PBXFileReference section */

/* Begin PBXFrameworksBuildPhase section */
		A02A55EB1D7E36E6006E26EF /* Frameworks */ = {
			isa = PBXFrameworksBuildPhase;
			buildActionMask = 2147483647;
			files = (
			);
			runOnlyForDeploymentPostprocessing = 0;
		};
/* End PBXFrameworksBuildPhase section */

/* Begin PBXGroup section */
		A02A55E51D7E36E6006E26EF = {
			isa = PBXGroup;
			children = (
				A02A55F01D7E36E6006E26EF /* CPP_Practice */,
				A02A55EF1D7E36E6006E26EF /* Products */,
			);
			sourceTree = "<group>";
		};
		A02A55EF1D7E36E6006E26EF /* Products */ = {
			isa = PBXGroup;
			children = (
				A02A55EE1D7E36E6006E26EF /* CPP_Practice */,
			);
			name = Products;
			sourceTree = "<group>";
		};
		A02A55F01D7E36E6006E26EF /* CPP_Practice */ = {
			isa = PBXGroup;
			children = (
				A02A55F11D7E36E6006E26EF /* main.cpp */,
				A0BD48061D84C1BE00ACE8BF /* AVLTree */,
				A0BD48051D84C03000ACE8BF /* BinaryTree */,
				A0BD48041D84BF9B00ACE8BF /* Sorts */,
			);
			path = CPP_Practice;
			sourceTree = "<group>";
		};
		A0BD48041D84BF9B00ACE8BF /* Sorts */ = {
			isa = PBXGroup;
			children = (
				A02A56071D7E57A6006E26EF /* BottomUpMergeSort.hpp */,
				A02A56041D7E546B006E26EF /* TopDownMergeSort.hpp */,
				A02A56011D7E5412006E26EF /* selection_sort.hpp */,
				A02A55FE1D7E53AF006E26EF /* insertionsort.hpp */,
				A02A55FB1D7E5305006E26EF /* quicksort.hpp */,
				A02A56061D7E57A6006E26EF /* BottomUpMergeSort.cpp */,
				A02A56031D7E546B006E26EF /* TopDownMergeSort.cpp */,
				A02A55FD1D7E53AF006E26EF /* insertionsort.cpp */,
				A02A56001D7E5412006E26EF /* selection_sort.cpp */,
				A02A55FA1D7E5305006E26EF /* quicksort.cpp */,
			);
			name = Sorts;
			sourceTree = "<group>";
		};
		A0BD48051D84C03000ACE8BF /* BinaryTree */ = {
			isa = PBXGroup;
			children = (
				A0BD47FF1D834BA200ACE8BF /* binary_tree.hpp */,
				A0BD48021D834BC800ACE8BF /* node.hpp */,
				A0BD47FE1D834BA200ACE8BF /* binary_tree.cpp */,
				A0BD48011D834BC800ACE8BF /* node.cpp */,
			);
			name = BinaryTree;
			sourceTree = "<group>";
		};
		A0BD48061D84C1BE00ACE8BF /* AVLTree */ = {
			isa = PBXGroup;
			children = (
				A0BD480B1D84C3BE00ACE8BF /* AVLTree.hpp */,
				A0BD48081D84C2EC00ACE8BF /* bNode.hpp */,
				A0BD480A1D84C3BE00ACE8BF /* AVLTree.cpp */,
				A0BD48071D84C2EC00ACE8BF /* bNode.cpp */,
			);
			name = AVLTree;
			sourceTree = "<group>";
		};
/* End PBXGroup section */

/* Begin PBXNativeTarget section */
		A02A55ED1D7E36E6006E26EF /* CPP_Practice */ = {
			isa = PBXNativeTarget;
			buildConfigurationList = A02A55F51D7E36E6006E26EF /* Build configuration list for PBXNativeTarget "CPP_Practice" */;
			buildPhases = (
				A02A55EA1D7E36E6006E26EF /* Sources */,
				A02A55EB1D7E36E6006E26EF /* Frameworks */,
				A02A55EC1D7E36E6006E26EF /* CopyFiles */,
			);
			buildRules = (
			);
			dependencies = (
			);
			name = CPP_Practice;
			productName = CPP_Practice;
			productReference = A02A55EE1D7E36E6006E26EF /* CPP_Practice */;
			productType = "com.apple.product-type.tool";
		};
/* End PBXNativeTarget section */

/* Begin PBXProject section */
		A02A55E61D7E36E6006E26EF /* Project object */ = {
			isa = PBXProject;
			attributes = {
				LastUpgradeCheck = 0730;
				ORGANIZATIONNAME = "Annelise Tsueda";
				TargetAttributes = {
					A02A55ED1D7E36E6006E26EF = {
						CreatedOnToolsVersion = 7.3.1;
					};
				};
			};
			buildConfigurationList = A02A55E91D7E36E6006E26EF /* Build configuration list for PBXProject "CPP_Practice" */;
			compatibilityVersion = "Xcode 3.2";
			developmentRegion = English;
			hasScannedForEncodings = 0;
			knownRegions = (
				en,
			);
			mainGroup = A02A55E51D7E36E6006E26EF;
			productRefGroup = A02A55EF1D7E36E6006E26EF /* Products */;
			projectDirPath = "";
			projectRoot = "";
			targets = (
				A02A55ED1D7E36E6006E26EF /* CPP_Practice */,
			);
		};
/* End PBXProject section */

/* Begin PBXSourcesBuildPhase section */
		A02A55EA1D7E36E6006E26EF /* Sources */ = {
			isa = PBXSourcesBuildPhase;
			buildActionMask = 2147483647;
			files = (
				A0BD48091D84C2EC00ACE8BF /* bNode.cpp in Sources */,
				A0BD48001D834BA200ACE8BF /* binary_tree.cpp in Sources */,
				A02A56021D7E5412006E26EF /* selection_sort.cpp in Sources */,
				A02A55FF1D7E53AF006E26EF /* insertionsort.cpp in Sources */,
				A02A56051D7E546B006E26EF /* TopDownMergeSort.cpp in Sources */,
				A0BD480C1D84C3BE00ACE8BF /* AVLTree.cpp in Sources */,
				A02A55F21D7E36E6006E26EF /* main.cpp in Sources */,
				A02A56081D7E57A6006E26EF /* BottomUpMergeSort.cpp in Sources */,
				A02A55FC1D7E5305006E26EF /* quicksort.cpp in Sources */,
				A0BD48031D834BC800ACE8BF /* node.cpp in Sources */,
			);
			runOnlyForDeploymentPostprocessing = 0;
		};
/* End PBXSourcesBuildPhase section */

/* Begin XCBuildConfiguration section */
		A02A55F31D7E36E6006E26EF /* Debug */ = {
			isa = XCBuildConfiguration;
			buildSettings = {
				ALWAYS_SEARCH_USER_PATHS = NO;
				CLANG_ANALYZER_NONNULL = YES;
				CLANG_CXX_LANGUAGE_STANDARD = "gnu++0x";
				CLANG_CXX_LIBRARY = "libc++";
				CLANG_ENABLE_MODULES = YES;
				CLANG_ENABLE_OBJC_ARC = YES;
				CLANG_WARN_BOOL_CONVERSION = YES;
				CLANG_WARN_CONSTANT_CONVERSION = YES;
				CLANG_WARN_DIRECT_OBJC_ISA_USAGE = YES_ERROR;
				CLANG_WARN_EMPTY_BODY = YES;
				CLANG_WARN_ENUM_CONVERSION = YES;
				CLANG_WARN_INT_CONVERSION = YES;
				CLANG_WARN_OBJC_ROOT_CLASS = YES_ERROR;
				CLANG_WARN_UNREACHABLE_CODE = YES;
				CLANG_WARN__DUPLICATE_METHOD_MATCH = YES;
				CODE_SIGN_IDENTITY = "-";
				COPY_PHASE_STRIP = NO;
				DEBUG_INFORMATION_FORMAT = dwarf;
				ENABLE_STRICT_OBJC_MSGSEND = YES;
				ENABLE_TESTABILITY = YES;
				GCC_C_LANGUAGE_STANDARD = gnu99;
				GCC_DYNAMIC_NO_PIC = NO;
				GCC_NO_COMMON_BLOCKS = YES;
				GCC_OPTIMIZATION_LEVEL = 0;
				GCC_PREPROCESSOR_DEFINITIONS = (
					"DEBUG=1",
					"$(inherited)",
				);
				GCC_WARN_64_TO_32_BIT_CONVERSION = YES;
				GCC_WARN_ABOUT_RETURN_TYPE = YES_ERROR;
				GCC_WARN_UNDECLARED_SELECTOR = YES;
				GCC_WARN_UNINITIALIZED_AUTOS = YES_AGGRESSIVE;
				GCC_WARN_UNUSED_FUNCTION = YES;
				GCC_WARN_UNUSED_VARIABLE = YES;
				MACOSX_DEPLOYMENT_TARGET = 10.11;
				MTL_ENABLE_DEBUG_INFO = YES;
				ONLY_ACTIVE_ARCH = YES;
				SDKROOT = macosx;
			};
			name = Debug;
		};
		A02A55F41D7E36E6006E26EF /* Release */ = {
			isa = XCBuildConfiguration;
			buildSettings = {
				ALWAYS_SEARCH_USER_PATHS = NO;
				CLANG_ANALYZER_NONNULL = YES;
				CLANG_CXX_LANGUAGE_STANDARD = "gnu++0x";
				CLANG_CXX_LIBRARY = "libc++";
				CLANG_ENABLE_MODULES = YES;
				CLANG_ENABLE_OBJC_ARC = YES;
				CLANG_WARN_BOOL_CONVERSION = YES;
				CLANG_WARN_CONSTANT_CONVERSION = YES;
				CLANG_WARN_DIRECT_OBJC_ISA_USAGE = YES_ERROR;
				CLANG_WARN_EMPTY_BODY = YES;
				CLANG_WARN_ENUM_CONVERSION = YES;
				CLANG_WARN_INT_CONVERSION = YES;
				CLANG_WARN_OBJC_ROOT_CLASS = YES_ERROR;
				CLANG_WARN_UNREACHABLE_CODE = YES;
				CLANG_WARN__DUPLICATE_METHOD_MATCH = YES;
				CODE_SIGN_IDENTITY = "-";
				COPY_PHASE_STRIP = NO;
				DEBUG_INFORMATION_FORMAT = "dwarf-with-dsym";
				ENABLE_NS_ASSERTIONS = NO;
				ENABLE_STRICT_OBJC_MSGSEND = YES;
				GCC_C_LANGUAGE_STANDARD = gnu99;
				GCC_NO_COMMON_BLOCKS = YES;
				GCC_WARN_64_TO_32_BIT_CONVERSION = YES;
				GCC_WARN_ABOUT_RETURN_TYPE = YES_ERROR;
				GCC_WARN_UNDECLARED_SELECTOR = YES;
				GCC_WARN_UNINITIALIZED_AUTOS = YES_AGGRESSIVE;
				GCC_WARN_UNUSED_FUNCTION = YES;
				GCC_WARN_UNUSED_VARIABLE = YES;
				MACOSX_DEPLOYMENT_TARGET = 10.11;
				MTL_ENABLE_DEBUG_INFO = NO;
				SDKROOT = macosx;
			};
			name = Release;
		};
		A02A55F61D7E36E6006E26EF /* Debug */ = {
			isa = XCBuildConfiguration;
			buildSettings = {
				PRODUCT_NAME = "$(TARGET_NAME)";
			};
			name = Debug;
		};
		A02A55F71D7E36E6006E26EF /* Release */ = {
			isa = XCBuildConfiguration;
			buildSettings = {
				PRODUCT_NAME = "$(TARGET_NAME)";
			};
			name = Release;
		};
/* End XCBuildConfiguration section */

/* Begin XCConfigurationList section */
		A02A55E91D7E36E6006E26EF /* Build configuration list for PBXProject "CPP_Practice" */ = {
			isa = XCConfigurationList;
			buildConfigurations = (
				A02A55F31D7E36E6006E26EF /* Debug */,
				A02A55F41D7E36E6006E26EF /* Release */,
			);
			defaultConfigurationIsVisible = 0;
			defaultConfigurationName = Release;
		};
		A02A55F51D7E36E6006E26EF /* Build configuration list for PBXNativeTarget "CPP_Practice" */ = {
			isa = XCConfigurationList;
			buildConfigurations = (
				A02A55F61D7E36E6006E26EF /* Debug */,
				A02A55F71D7E36E6006E26EF /* Release */,
			);
			defaultConfigurationIsVisible = 0;
			defaultConfigurationName = Release;
		};
/* End XCConfigurationList section */
	};
	rootObject = A02A55E61D7E36E6006E26EF /* Project object */;
}
